
Microsoft Visual Studio Solution File, Format Version 12.00
# Visual Studio Version 16
VisualStudioVersion = 16.0.31229.75
MinimumVisualStudioVersion = 10.0.40219.1
Project("{FAE04EC0-301F-11D3-BF4B-00C04F79EFBC}") = "01_Types", "01_Types\01_Types.csproj", "{ADAA8197-51E7-43BE-AB5F-9CA4D359B4E9}"
EndProject
Project("{FAE04EC0-301F-11D3-BF4B-00C04F79EFBC}") = "02_Conditionals", "02_Conditionals\02_Conditionals.csproj", "{2D55FBBA-887D-436D-A6E3-FE3FCB32D824}"
EndProject
Project("{FAE04EC0-301F-11D3-BF4B-00C04F79EFBC}") = "03_Loops", "03_Loops\03_Loops.csproj", "{FE8E8EB5-4CDE-4810-AF44-AD845F9FB1CB}"
EndProject
Project("{FAE04EC0-301F-11D3-BF4B-00C04F79EFBC}") = "04_Methods_3", "04_Methods_3\04_Methods_3.csproj", "{84B64598-A82D-423D-9508-A96212C1A9A3}"
EndProject
Project("{FAE04EC0-301F-11D3-BF4B-00C04F79EFBC}") = "05_Classes", "05_Classes\05_Classes.csproj", "{B4E359DC-9B2C-4D59-BE79-B3C8356DBB27}"
EndProject
Global
	GlobalSection(SolutionConfigurationPlatforms) = preSolution
		Debug|Any CPU = Debug|Any CPU
		Release|Any CPU = Release|Any CPU
	EndGlobalSection
	GlobalSection(ProjectConfigurationPlatforms) = postSolution
		{ADAA8197-51E7-43BE-AB5F-9CA4D359B4E9}.Debug|Any CPU.ActiveCfg = Debug|Any CPU
		{ADAA8197-51E7-43BE-AB5F-9CA4D359B4E9}.Debug|Any CPU.Build.0 = Debug|Any CPU
		{ADAA8197-51E7-43BE-AB5F-9CA4D359B4E9}.Release|Any CPU.ActiveCfg = Release|Any CPU
		{ADAA8197-51E7-43BE-AB5F-9CA4D359B4E9}.Release|Any CPU.Build.0 = Release|Any CPU
		{2D55FBBA-887D-436D-A6E3-FE3FCB32D824}.Debug|Any CPU.ActiveCfg = Debug|Any CPU
		{2D55FBBA-887D-436D-A6E3-FE3FCB32D824}.Debug|Any CPU.Build.0 = Debug|Any CPU
		{2D55FBBA-887D-436D-A6E3-FE3FCB32D824}.Release|Any CPU.ActiveCfg = Release|Any CPU
		{2D55FBBA-887D-436D-A6E3-FE3FCB32D824}.Release|Any CPU.Build.0 = Release|Any CPU
		{FE8E8EB5-4CDE-4810-AF44-AD845F9FB1CB}.Debug|Any CPU.ActiveCfg = Debug|Any CPU
		{FE8E8EB5-4CDE-4810-AF44-AD845F9FB1CB}.Debug|Any CPU.Build.0 = Debug|Any CPU
		{FE8E8EB5-4CDE-4810-AF44-AD845F9FB1CB}.Release|Any CPU.ActiveCfg = Release|Any CPU
		{FE8E8EB5-4CDE-4810-AF44-AD845F9FB1CB}.Release|Any CPU.Build.0 = Release|Any CPU
		{84B64598-A82D-423D-9508-A96212C1A9A3}.Debug|Any CPU.ActiveCfg = Debug|Any CPU
		{84B64598-A82D-423D-9508-A96212C1A9A3}.Debug|Any CPU.Build.0 = Debug|Any CPU
		{84B64598-A82D-423D-9508-A96212C1A9A3}.Release|Any CPU.ActiveCfg = Release|Any CPU
		{84B64598-A82D-423D-9508-A96212C1A9A3}.Release|Any CPU.Build.0 = Release|Any CPU
		{B4E359DC-9B2C-4D59-BE79-B3C8356DBB27}.Debug|Any CPU.ActiveCfg = Debug|Any CPU
		{B4E359DC-9B2C-4D59-BE79-B3C8356DBB27}.Debug|Any CPU.Build.0 = Debug|Any CPU
		{B4E359DC-9B2C-4D59-BE79-B3C8356DBB27}.Release|Any CPU.ActiveCfg = Release|Any CPU
		{B4E359DC-9B2C-4D59-BE79-B3C8356DBB27}.Release|Any CPU.Build.0 = Release|Any CPU
	EndGlobalSection
	GlobalSection(SolutionProperties) = preSolution
		HideSolutionNode = FALSE
	EndGlobalSection
	GlobalSection(ExtensibilityGlobals) = postSolution
		SolutionGuid = {260D57BF-323F-4D4E-AF99-9906E5F0CC52}
	EndGlobalSection
EndGlobal
